// !$*UTF8*$!
{
	archiveVersion = 1;
	classes = {
	};
	objectVersion = 46;
	objects = {

/* Begin PBXBuildFile section */
		D1D0D79D1E03D4E9005A2666 /* AppDelegate.m in Sources */ = {isa = PBXBuildFile; fileRef = D1D0D79C1E03D4E9005A2666 /* AppDelegate.m */; };
		D1D0D7A01E03D4E9005A2666 /* main.m in Sources */ = {isa = PBXBuildFile; fileRef = D1D0D79F1E03D4E9005A2666 /* main.m */; };
		D1D0D7A31E03D4E9005A2666 /* ViewController.m in Sources */ = {isa = PBXBuildFile; fileRef = D1D0D7A21E03D4E9005A2666 /* ViewController.m */; };
		D1D0D7A51E03D4E9005A2666 /* Assets.xcassets in Resources */ = {isa = PBXBuildFile; fileRef = D1D0D7A41E03D4E9005A2666 /* Assets.xcassets */; };
		D1D0D7A81E03D4E9005A2666 /* Main.storyboard in Resources */ = {isa = PBXBuildFile; fileRef = D1D0D7A61E03D4E9005A2666 /* Main.storyboard */; };
		D1D0D7B41E03D5BC005A2666 /* ZYPFileManager.m in Sources */ = {isa = PBXBuildFile; fileRef = D1D0D7B31E03D5BC005A2666 /* ZYPFileManager.m */; };
/* End PBXBuildFile section */

/* Begin PBXFileReference section */
		D1D0D7981E03D4E9005A2666 /* ZYPFileManagerTool.app */ = {isa = PBXFileReference; explicitFileType = wrapper.application; includeInIndex = 0; path = ZYPFileManagerTool.app; sourceTree = BUILT_PRODUCTS_DIR; };
		D1D0D79B1E03D4E9005A2666 /* AppDelegate.h */ = {isa = PBXFileReference; lastKnownFileType = sourcecode.c.h; path = AppDelegate.h; sourceTree = "<group>"; };
		D1D0D79C1E03D4E9005A2666 /* AppDelegate.m */ = {isa = PBXFileReference; lastKnownFileType = sourcecode.c.objc; path = AppDelegate.m; sourceTree = "<group>"; };
		D1D0D79F1E03D4E9005A2666 /* main.m */ = {isa = PBXFileReference; lastKnownFileType = sourcecode.c.objc; path = main.m; sourceTree = "<group>"; };
		D1D0D7A11E03D4E9005A2666 /* ViewController.h */ = {isa = PBXFileReference; lastKnownFileType = sourcecode.c.h; path = ViewController.h; sourceTree = "<group>"; };
		D1D0D7A21E03D4E9005A2666 /* ViewController.m */ = {isa = PBXFileReference; lastKnownFileType = sourcecode.c.objc; path = ViewController.m; sourceTree = "<group>"; };
		D1D0D7A41E03D4E9005A2666 /* Assets.xcassets */ = {isa = PBXFileReference; lastKnownFileType = folder.assetcatalog; path = Assets.xcassets; sourceTree = "<group>"; };
		D1D0D7A71E03D4E9005A2666 /* Base */ = {isa = PBXFileReference; lastKnownFileType = file.storyboard; name = Base; path = Base.lproj/Main.storyboard; sourceTree = "<group>"; };
		D1D0D7A91E03D4E9005A2666 /* Info.plist */ = {isa = PBXFileReference; lastKnownFileType = text.plist.xml; path = Info.plist; sourceTree = "<group>"; };
		D1D0D7B21E03D5BC005A2666 /* ZYPFileManager.h */ = {isa = PBXFileReference; fileEncoding = 4; lastKnownFileType = sourcecode.c.h; path = ZYPFileManager.h; sourceTree = "<group>"; };
		D1D0D7B31E03D5BC005A2666 /* ZYPFileManager.m */ = {isa = PBXFileReference; fileEncoding = 4; lastKnownFileType = sourcecode.c.objc; path = ZYPFileManager.m; sourceTree = "<group>"; };
/* End PBXFileReference section */

/* Begin PBXFrameworksBuildPhase section */
		D1D0D7951E03D4E9005A2666 /* Frameworks */ = {
			isa = PBXFrameworksBuildPhase;
			buildActionMask = 2147483647;
			files = (
			);
			runOnlyForDeploymentPostprocessing = 0;
		};
/* End PBXFrameworksBuildPhase section */

/* Begin PBXGroup section */
		D1D0D78F1E03D4E9005A2666 = {
			isa = PBXGroup;
			children = (
				D1D0D79A1E03D4E9005A2666 /* ZYPFileManagerTool */,
				D1D0D7991E03D4E9005A2666 /* Products */,
			);
			sourceTree = "<group>";
		};
		D1D0D7991E03D4E9005A2666 /* Products */ = {
			isa = PBXGroup;
			children = (
				D1D0D7981E03D4E9005A2666 /* ZYPFileManagerTool.app */,
			);
			name = Products;
			sourceTree = "<group>";
		};
		D1D0D79A1E03D4E9005A2666 /* ZYPFileManagerTool */ = {
			isa = PBXGroup;
			children = (
				D1D0D79B1E03D4E9005A2666 /* AppDelegate.h */,
				D1D0D79C1E03D4E9005A2666 /* AppDelegate.m */,
				D1D0D7A11E03D4E9005A2666 /* ViewController.h */,
				D1D0D7A21E03D4E9005A2666 /* ViewController.m */,
				D1D0D7B11E03D58E005A2666 /* ZYPFileManager */,
				D1D0D7A41E03D4E9005A2666 /* Assets.xcassets */,
				D1D0D7A61E03D4E9005A2666 /* Main.storyboard */,
				D1D0D7A91E03D4E9005A2666 /* Info.plist */,
				D1D0D79E1E03D4E9005A2666 /* Supporting Files */,
			);
			path = ZYPFileManagerTool;
			sourceTree = "<group>";
		};
		D1D0D79E1E03D4E9005A2666 /* Supporting Files */ = {
			isa = PBXGroup;
			children = (
				D1D0D79F1E03D4E9005A2666 /* main.m */,
			);
			name = "Supporting Files";
			sourceTree = "<group>";
		};
		D1D0D7B11E03D58E005A2666 /* ZYPFileManager */ = {
			isa = PBXGroup;
			children = (
				D1D0D7B21E03D5BC005A2666 /* ZYPFileManager.h */,
				D1D0D7B31E03D5BC005A2666 /* ZYPFileManager.m */,
			);
			path = ZYPFileManager;
			sourceTree = "<group>";
		};
/* End PBXGroup section */

/* Begin PBXNativeTarget section */
		D1D0D7971E03D4E9005A2666 /* ZYPFileManagerTool */ = {
			isa = PBXNativeTarget;
			buildConfigurationList = D1D0D7AC1E03D4E9005A2666 /* Build configuration list for PBXNativeTarget "ZYPFileManagerTool" */;
			buildPhases = (
				D1D0D7941E03D4E9005A2666 /* Sources */,
				D1D0D7951E03D4E9005A2666 /* Frameworks */,
				D1D0D7961E03D4E9005A2666 /* Resources */,
			);
			buildRules = (
			);
			dependencies = (
			);
			name = ZYPFileManagerTool;
			productName = ZYPFileManagerTool;
			productReference = D1D0D7981E03D4E9005A2666 /* ZYPFileManagerTool.app */;
			productType = "com.apple.product-type.application";
		};
/* End PBXNativeTarget section */

/* Begin PBXProject section */
		D1D0D7901E03D4E9005A2666 /* Project object */ = {
			isa = PBXProject;
			attributes = {
				LastUpgradeCheck = 0820;
				ORGANIZATIONNAME = zhaoyunpeng;
				TargetAttributes = {
					D1D0D7971E03D4E9005A2666 = {
						CreatedOnToolsVersion = 8.2;
						DevelopmentTeam = K7NEJ69CTA;
						ProvisioningStyle = Automatic;
					};
				};
			};
			buildConfigurationList = D1D0D7931E03D4E9005A2666 /* Build configuration list for PBXProject "ZYPFileManagerTool" */;
			compatibilityVersion = "Xcode 3.2";
			developmentRegion = English;
			hasScannedForEncodings = 0;
			knownRegions = (
				en,
				Base,
			);
			mainGroup = D1D0D78F1E03D4E9005A2666;
			productRefGroup = D1D0D7991E03D4E9005A2666 /* Products */;
			projectDirPath = "";
			projectRoot = "";
			targets = (
				D1D0D7971E03D4E9005A2666 /* ZYPFileManagerTool */,
			);
		};
/* End PBXProject section */

/* Begin PBXResourcesBuildPhase section */
		D1D0D7961E03D4E9005A2666 /* Resources */ = {
			isa = PBXResourcesBuildPhase;
			buildActionMask = 2147483647;
			files = (
				D1D0D7A51E03D4E9005A2666 /* Assets.xcassets in Resources */,
				D1D0D7A81E03D4E9005A2666 /* Main.storyboard in Resources */,
			);
			runOnlyForDeploymentPostprocessing = 0;
		};
/* End PBXResourcesBuildPhase section */

/* Begin PBXSourcesBuildPhase section */
		D1D0D7941E03D4E9005A2666 /* Sources */ = {
			isa = PBXSourcesBuildPhase;
			buildActionMask = 2147483647;
			files = (
				D1D0D7A31E03D4E9005A2666 /* ViewController.m in Sources */,
				D1D0D7B41E03D5BC005A2666 /* ZYPFileManager.m in Sources */,
				D1D0D7A01E03D4E9005A2666 /* main.m in Sources */,
				D1D0D79D1E03D4E9005A2666 /* AppDelegate.m in Sources */,
			);
			runOnlyForDeploymentPostprocessing = 0;
		};
/* End PBXSourcesBuildPhase section */

/* Begin PBXVariantGroup section */
		D1D0D7A61E03D4E9005A2666 /* Main.storyboard */ = {
			isa = PBXVariantGroup;
			children = (
				D1D0D7A71E03D4E9005A2666 /* Base */,
			);
			name = Main.storyboard;
			sourceTree = "<group>";
		};
/* End PBXVariantGroup section */

/* Begin XCBuildConfiguration section */
		D1D0D7AA1E03D4E9005A2666 /* Debug */ = {
			isa = XCBuildConfiguration;
			buildSettings = {
				ALWAYS_SEARCH_USER_PATHS = NO;
				CLANG_ANALYZER_NONNULL = YES;
				CLANG_CXX_LANGUAGE_STANDARD = "gnu++0x";
				CLANG_CXX_LIBRARY = "libc++";
				CLANG_ENABLE_MODULES = YES;
				CLANG_ENABLE_OBJC_ARC = YES;
				CLANG_WARN_BOOL_CONVERSION = YES;
				CLANG_WARN_CONSTANT_CONVERSION = YES;
				CLANG_WARN_DIRECT_OBJC_ISA_USAGE = YES_ERROR;
				CLANG_WARN_DOCUMENTATION_COMMENTS = YES;
				CLANG_WARN_EMPTY_BODY = YES;
				CLANG_WARN_ENUM_CONVERSION = YES;
				CLANG_WARN_INFINITE_RECURSION = YES;
				CLANG_WARN_INT_CONVERSION = YES;
				CLANG_WARN_OBJC_ROOT_CLASS = YES_ERROR;
				CLANG_WARN_SUSPICIOUS_MOVE = YES;
				CLANG_WARN_UNREACHABLE_CODE = YES;
				CLANG_WARN__DUPLICATE_METHOD_MATCH = YES;
				CODE_SIGN_IDENTITY = "-";
				COPY_PHASE_STRIP = NO;
				DEBUG_INFORMATION_FORMAT = dwarf;
				ENABLE_STRICT_OBJC_MSGSEND = YES;
				ENABLE_TESTABILITY = YES;
				GCC_C_LANGUAGE_STANDARD = gnu99;
				GCC_DYNAMIC_NO_PIC = NO;
				GCC_NO_COMMON_BLOCKS = YES;
				GCC_OPTIMIZATION_LEVEL = 0;
				GCC_PREPROCESSOR_DEFINITIONS = (
					"DEBUG=1",
					"$(inherited)",
				);
				GCC_WARN_64_TO_32_BIT_CONVERSION = YES;
				GCC_WARN_ABOUT_RETURN_TYPE = YES_ERROR;
				GCC_WARN_UNDECLARED_SELECTOR = YES;
				GCC_WARN_UNINITIALIZED_AUTOS = YES_AGGRESSIVE;
				GCC_WARN_UNUSED_FUNCTION = YES;
				GCC_WARN_UNUSED_VARIABLE = YES;
				MACOSX_DEPLOYMENT_TARGET = 10.11;
				MTL_ENABLE_DEBUG_INFO = YES;
				ONLY_ACTIVE_ARCH = YES;
				SDKROOT = macosx;
			};
			name = Debug;
		};
		D1D0D7AB1E03D4E9005A2666 /* Release */ = {
			isa = XCBuildConfiguration;
			buildSettings = {
				ALWAYS_SEARCH_USER_PATHS = NO;
				CLANG_ANALYZER_NONNULL = YES;
				CLANG_CXX_LANGUAGE_STANDARD = "gnu++0x";
				CLANG_CXX_LIBRARY = "libc++";
				CLANG_ENABLE_MODULES = YES;
				CLANG_ENABLE_OBJC_ARC = YES;
				CLANG_WARN_BOOL_CONVERSION = YES;
				CLANG_WARN_CONSTANT_CONVERSION = YES;
				CLANG_WARN_DIRECT_OBJC_ISA_USAGE = YES_ERROR;
				CLANG_WARN_DOCUMENTATION_COMMENTS = YES;
				CLANG_WARN_EMPTY_BODY = YES;
				CLANG_WARN_ENUM_CONVERSION = YES;
				CLANG_WARN_INFINITE_RECURSION = YES;
				CLANG_WARN_INT_CONVERSION = YES;
				CLANG_WARN_OBJC_ROOT_CLASS = YES_ERROR;
				CLANG_WARN_SUSPICIOUS_MOVE = YES;
				CLANG_WARN_UNREACHABLE_CODE = YES;
				CLANG_WARN__DUPLICATE_METHOD_MATCH = YES;
				CODE_SIGN_IDENTITY = "-";
				COPY_PHASE_STRIP = NO;
				DEBUG_INFORMATION_FORMAT = "dwarf-with-dsym";
				ENABLE_NS_ASSERTIONS = NO;
				ENABLE_STRICT_OBJC_MSGSEND = YES;
				GCC_C_LANGUAGE_STANDARD = gnu99;
				GCC_NO_COMMON_BLOCKS = YES;
				GCC_WARN_64_TO_32_BIT_CONVERSION = YES;
				GCC_WARN_ABOUT_RETURN_TYPE = YES_ERROR;
				GCC_WARN_UNDECLARED_SELECTOR = YES;
				GCC_WARN_UNINITIALIZED_AUTOS = YES_AGGRESSIVE;
				GCC_WARN_UNUSED_FUNCTION = YES;
				GCC_WARN_UNUSED_VARIABLE = YES;
				MACOSX_DEPLOYMENT_TARGET = 10.11;
				MTL_ENABLE_DEBUG_INFO = NO;
				SDKROOT = macosx;
			};
			name = Release;
		};
		D1D0D7AD1E03D4E9005A2666 /* Debug */ = {
			isa = XCBuildConfiguration;
			buildSettings = {
				ASSETCATALOG_COMPILER_APPICON_NAME = AppIcon;
				COMBINE_HIDPI_IMAGES = YES;
				DEVELOPMENT_TEAM = K7NEJ69CTA;
				INFOPLIST_FILE = ZYPFileManagerTool/Info.plist;
				LD_RUNPATH_SEARCH_PATHS = "$(inherited) @executable_path/../Frameworks";
				PRODUCT_BUNDLE_IDENTIFIER = zhaoyunpeng.ZYPFileManagerTool;
				PRODUCT_NAME = "$(TARGET_NAME)";
			};
			name = Debug;
		};
		D1D0D7AE1E03D4E9005A2666 /* Release */ = {
			isa = XCBuildConfiguration;
			buildSettings = {
				ASSETCATALOG_COMPILER_APPICON_NAME = AppIcon;
				COMBINE_HIDPI_IMAGES = YES;
				DEVELOPMENT_TEAM = K7NEJ69CTA;
				INFOPLIST_FILE = ZYPFileManagerTool/Info.plist;
				LD_RUNPATH_SEARCH_PATHS = "$(inherited) @executable_path/../Frameworks";
				PRODUCT_BUNDLE_IDENTIFIER = zhaoyunpeng.ZYPFileManagerTool;
				PRODUCT_NAME = "$(TARGET_NAME)";
			};
			name = Release;
		};
/* End XCBuildConfiguration section */

/* Begin XCConfigurationList section */
		D1D0D7931E03D4E9005A2666 /* Build configuration list for PBXProject "ZYPFileManagerTool" */ = {
			isa = XCConfigurationList;
			buildConfigurations = (
				D1D0D7AA1E03D4E9005A2666 /* Debug */,
				D1D0D7AB1E03D4E9005A2666 /* Release */,
			);
			defaultConfigurationIsVisible = 0;
			defaultConfigurationName = Release;
		};
		D1D0D7AC1E03D4E9005A2666 /* Build configuration list for PBXNativeTarget "ZYPFileManagerTool" */ = {
			isa = XCConfigurationList;
			buildConfigurations = (
				D1D0D7AD1E03D4E9005A2666 /* Debug */,
				D1D0D7AE1E03D4E9005A2666 /* Release */,
			);
			defaultConfigurationIsVisible = 0;
			defaultConfigurationName = Release;
		};
/* End XCConfigurationList section */
	};
	rootObject = D1D0D7901E03D4E9005A2666 /* Project object */;
}
